
Microsoft Visual Studio Solution File, Format Version 12.00
# Visual Studio Version 16
VisualStudioVersion = 16.0.30413.136
MinimumVisualStudioVersion = 10.0.40219.1
Project("{9A19103F-16F7-4668-BE54-9A1E7A4F7556}") = "EDU.Common", "Common\EDU.Common\EDU.Common.csproj", "{23D6A930-D1BC-46D9-9CAE-70DF0D2AF47E}"
EndProject
Project("{2150E333-8FDC-42A3-9474-1A3956D46DE8}") = "Common", "Common", "{C692A46B-559A-463C-856E-3C0E3072128E}"
EndProject
Project("{2150E333-8FDC-42A3-9474-1A3956D46DE8}") = "APIGateway", "APIGateway", "{E0033DDF-CB5A-40CF-AE38-233CA0B69D1F}"
EndProject
Project("{9A19103F-16F7-4668-BE54-9A1E7A4F7556}") = "Gateway.Web", "APIGateway\Gateway.Web\Gateway.Web.csproj", "{A26DD872-6BB9-4A3E-8BD9-8663AFD4810A}"
EndProject
Project("{2150E333-8FDC-42A3-9474-1A3956D46DE8}") = "Microservices", "Microservices", "{BF10433B-F4FF-4AE0-83A6-E1C5B418A463}"
EndProject
Project("{2150E333-8FDC-42A3-9474-1A3956D46DE8}") = "Models", "Models", "{3C41CE07-6EBB-40A5-A03D-80862F387E59}"
EndProject
Project("{2150E333-8FDC-42A3-9474-1A3956D46DE8}") = "Services", "Services", "{7BCCF524-288B-442D-A687-1BBC03840E97}"
EndProject
Project("{9A19103F-16F7-4668-BE54-9A1E7A4F7556}") = "EDU.DataModel", "Models\EDU.DataModel\EDU.DataModel.csproj", "{1A76F0EB-1E0A-4728-8E0A-B3B41138A3DF}"
EndProject
Project("{9A19103F-16F7-4668-BE54-9A1E7A4F7556}") = "EDU.SystemModel", "Models\EDU.SystemModel\EDU.SystemModel.csproj", "{E54C7BF3-562A-4EAB-9568-9685ECD4CFB7}"
EndProject
Project("{9A19103F-16F7-4668-BE54-9A1E7A4F7556}") = "EDU.Services", "Services\EDU.Services\EDU.Services.csproj", "{1333A25F-3403-4B03-AEE2-43F20CE1B4BA}"
EndProject
Global
	GlobalSection(SolutionConfigurationPlatforms) = preSolution
		Debug|Any CPU = Debug|Any CPU
		Release|Any CPU = Release|Any CPU
	EndGlobalSection
	GlobalSection(ProjectConfigurationPlatforms) = postSolution
		{23D6A930-D1BC-46D9-9CAE-70DF0D2AF47E}.Debug|Any CPU.ActiveCfg = Debug|Any CPU
		{23D6A930-D1BC-46D9-9CAE-70DF0D2AF47E}.Debug|Any CPU.Build.0 = Debug|Any CPU
		{23D6A930-D1BC-46D9-9CAE-70DF0D2AF47E}.Release|Any CPU.ActiveCfg = Release|Any CPU
		{23D6A930-D1BC-46D9-9CAE-70DF0D2AF47E}.Release|Any CPU.Build.0 = Release|Any CPU
		{A26DD872-6BB9-4A3E-8BD9-8663AFD4810A}.Debug|Any CPU.ActiveCfg = Debug|Any CPU
		{A26DD872-6BB9-4A3E-8BD9-8663AFD4810A}.Debug|Any CPU.Build.0 = Debug|Any CPU
		{A26DD872-6BB9-4A3E-8BD9-8663AFD4810A}.Release|Any CPU.ActiveCfg = Release|Any CPU
		{A26DD872-6BB9-4A3E-8BD9-8663AFD4810A}.Release|Any CPU.Build.0 = Release|Any CPU
		{1A76F0EB-1E0A-4728-8E0A-B3B41138A3DF}.Debug|Any CPU.ActiveCfg = Debug|Any CPU
		{1A76F0EB-1E0A-4728-8E0A-B3B41138A3DF}.Debug|Any CPU.Build.0 = Debug|Any CPU
		{1A76F0EB-1E0A-4728-8E0A-B3B41138A3DF}.Release|Any CPU.ActiveCfg = Release|Any CPU
		{1A76F0EB-1E0A-4728-8E0A-B3B41138A3DF}.Release|Any CPU.Build.0 = Release|Any CPU
		{E54C7BF3-562A-4EAB-9568-9685ECD4CFB7}.Debug|Any CPU.ActiveCfg = Debug|Any CPU
		{E54C7BF3-562A-4EAB-9568-9685ECD4CFB7}.Debug|Any CPU.Build.0 = Debug|Any CPU
		{E54C7BF3-562A-4EAB-9568-9685ECD4CFB7}.Release|Any CPU.ActiveCfg = Release|Any CPU
		{E54C7BF3-562A-4EAB-9568-9685ECD4CFB7}.Release|Any CPU.Build.0 = Release|Any CPU
		{1333A25F-3403-4B03-AEE2-43F20CE1B4BA}.Debug|Any CPU.ActiveCfg = Debug|Any CPU
		{1333A25F-3403-4B03-AEE2-43F20CE1B4BA}.Debug|Any CPU.Build.0 = Debug|Any CPU
		{1333A25F-3403-4B03-AEE2-43F20CE1B4BA}.Release|Any CPU.ActiveCfg = Release|Any CPU
		{1333A25F-3403-4B03-AEE2-43F20CE1B4BA}.Release|Any CPU.Build.0 = Release|Any CPU
	EndGlobalSection
	GlobalSection(SolutionProperties) = preSolution
		HideSolutionNode = FALSE
	EndGlobalSection
	GlobalSection(NestedProjects) = preSolution
		{23D6A930-D1BC-46D9-9CAE-70DF0D2AF47E} = {C692A46B-559A-463C-856E-3C0E3072128E}
		{A26DD872-6BB9-4A3E-8BD9-8663AFD4810A} = {E0033DDF-CB5A-40CF-AE38-233CA0B69D1F}
		{1A76F0EB-1E0A-4728-8E0A-B3B41138A3DF} = {3C41CE07-6EBB-40A5-A03D-80862F387E59}
		{E54C7BF3-562A-4EAB-9568-9685ECD4CFB7} = {3C41CE07-6EBB-40A5-A03D-80862F387E59}
		{1333A25F-3403-4B03-AEE2-43F20CE1B4BA} = {7BCCF524-288B-442D-A687-1BBC03840E97}
	EndGlobalSection
	GlobalSection(ExtensibilityGlobals) = postSolution
		SolutionGuid = {4CF4E56E-52C1-4DEA-8F7A-EA4DF5764CE2}
	EndGlobalSection
EndGlobal
